
Microsoft Visual Studio Solution File, Format Version 12.00
# Visual Studio 15
VisualStudioVersion = 15.0.27130.2036
MinimumVisualStudioVersion = 10.0.40219.1
Project("{FAE04EC0-301F-11D3-BF4B-00C04F79EFBC}") = "DraftBook.Console", "DraftBook\DraftBook.Console.csproj", "{AB805768-1A71-45A4-A302-C62F5D75BAF5}"
EndProject
Project("{FAE04EC0-301F-11D3-BF4B-00C04F79EFBC}") = "DraftBook.EncryptTool", "EncryptTool\DraftBook.EncryptTool.csproj", "{33C30B75-1B0C-4ED4-878C-DCD1D6E427CF}"
EndProject
Project("{FAE04EC0-301F-11D3-BF4B-00C04F79EFBC}") = "DraftBook.WCF", "DraftBook.WCF\DraftBook.WCF.csproj", "{7E337AFD-38C6-4441-9DA8-C89436BA60DC}"
EndProject
Project("{FAE04EC0-301F-11D3-BF4B-00C04F79EFBC}") = "DraftBook.WCF.DLL", "DraftBook.WCF.DLL\DraftBook.WCF.DLL.csproj", "{C7EC4BAF-A524-4AAF-B3F2-60C8DADD654B}"
EndProject
Project("{FAE04EC0-301F-11D3-BF4B-00C04F79EFBC}") = "DraftBook.MultiThreading", "DraftBook.MultiThreading\DraftBook.MultiThreading.csproj", "{D6E0FB78-2753-40A1-A736-868F81DF0A1E}"
EndProject
Project("{FAE04EC0-301F-11D3-BF4B-00C04F79EFBC}") = "DraftBook.AppDomain", "DraftBook.AppDomain\DraftBook.AppDomain.csproj", "{49C8C2F4-0653-4A46-86FF-08F8D8740FE1}"
EndProject
Project("{FAE04EC0-301F-11D3-BF4B-00C04F79EFBC}") = "DraftBook.Utilities", "DraftBook.DelegateFactory\DraftBook.Utilities.csproj", "{519B2B78-57BF-4D1F-8953-1EA5F6CB9046}"
EndProject
Project("{FAE04EC0-301F-11D3-BF4B-00C04F79EFBC}") = "DraftBook.DesignPattern", "DraftBook.DesignPattern\DraftBook.DesignPattern.csproj", "{7B85830A-AF5E-447F-A4FF-B966D0BF423A}"
EndProject
Project("{9A19103F-16F7-4668-BE54-9A1E7A4F7556}") = "DraftBook.DotNetCore.Web", "DraftBook.DotNetCore.Web\DraftBook.DotNetCore.Web.csproj", "{9F240A89-01D5-414F-89B1-A6F85EEDD971}"
EndProject
Project("{9A19103F-16F7-4668-BE54-9A1E7A4F7556}") = "DraftBook.DotNetCore.WebApi", "DraftBook.DotNetCore.WebApi\DraftBook.DotNetCore.WebApi.csproj", "{53F1A2F3-8A5D-4022-B1F8-D750A39D9DC0}"
EndProject
Project("{FAE04EC0-301F-11D3-BF4B-00C04F79EFBC}") = "DraftBook.DapperHelper", "DraftBook.DapperHelper\DraftBook.DapperHelper.csproj", "{2E7B6CEC-6679-4881-847E-939E33A9BE29}"
EndProject
Global
	GlobalSection(SolutionConfigurationPlatforms) = preSolution
		Debug|Any CPU = Debug|Any CPU
		Release|Any CPU = Release|Any CPU
	EndGlobalSection
	GlobalSection(ProjectConfigurationPlatforms) = postSolution
		{AB805768-1A71-45A4-A302-C62F5D75BAF5}.Debug|Any CPU.ActiveCfg = Debug|Any CPU
		{AB805768-1A71-45A4-A302-C62F5D75BAF5}.Debug|Any CPU.Build.0 = Debug|Any CPU
		{AB805768-1A71-45A4-A302-C62F5D75BAF5}.Release|Any CPU.ActiveCfg = Release|Any CPU
		{AB805768-1A71-45A4-A302-C62F5D75BAF5}.Release|Any CPU.Build.0 = Release|Any CPU
		{33C30B75-1B0C-4ED4-878C-DCD1D6E427CF}.Debug|Any CPU.ActiveCfg = Debug|Any CPU
		{33C30B75-1B0C-4ED4-878C-DCD1D6E427CF}.Debug|Any CPU.Build.0 = Debug|Any CPU
		{33C30B75-1B0C-4ED4-878C-DCD1D6E427CF}.Release|Any CPU.ActiveCfg = Release|Any CPU
		{33C30B75-1B0C-4ED4-878C-DCD1D6E427CF}.Release|Any CPU.Build.0 = Release|Any CPU
		{7E337AFD-38C6-4441-9DA8-C89436BA60DC}.Debug|Any CPU.ActiveCfg = Debug|Any CPU
		{7E337AFD-38C6-4441-9DA8-C89436BA60DC}.Debug|Any CPU.Build.0 = Debug|Any CPU
		{7E337AFD-38C6-4441-9DA8-C89436BA60DC}.Release|Any CPU.ActiveCfg = Release|Any CPU
		{7E337AFD-38C6-4441-9DA8-C89436BA60DC}.Release|Any CPU.Build.0 = Release|Any CPU
		{C7EC4BAF-A524-4AAF-B3F2-60C8DADD654B}.Debug|Any CPU.ActiveCfg = Debug|Any CPU
		{C7EC4BAF-A524-4AAF-B3F2-60C8DADD654B}.Debug|Any CPU.Build.0 = Debug|Any CPU
		{C7EC4BAF-A524-4AAF-B3F2-60C8DADD654B}.Release|Any CPU.ActiveCfg = Release|Any CPU
		{C7EC4BAF-A524-4AAF-B3F2-60C8DADD654B}.Release|Any CPU.Build.0 = Release|Any CPU
		{D6E0FB78-2753-40A1-A736-868F81DF0A1E}.Debug|Any CPU.ActiveCfg = Debug|Any CPU
		{D6E0FB78-2753-40A1-A736-868F81DF0A1E}.Debug|Any CPU.Build.0 = Debug|Any CPU
		{D6E0FB78-2753-40A1-A736-868F81DF0A1E}.Release|Any CPU.ActiveCfg = Release|Any CPU
		{D6E0FB78-2753-40A1-A736-868F81DF0A1E}.Release|Any CPU.Build.0 = Release|Any CPU
		{49C8C2F4-0653-4A46-86FF-08F8D8740FE1}.Debug|Any CPU.ActiveCfg = Debug|Any CPU
		{49C8C2F4-0653-4A46-86FF-08F8D8740FE1}.Debug|Any CPU.Build.0 = Debug|Any CPU
		{49C8C2F4-0653-4A46-86FF-08F8D8740FE1}.Release|Any CPU.ActiveCfg = Release|Any CPU
		{49C8C2F4-0653-4A46-86FF-08F8D8740FE1}.Release|Any CPU.Build.0 = Release|Any CPU
		{519B2B78-57BF-4D1F-8953-1EA5F6CB9046}.Debug|Any CPU.ActiveCfg = Debug|Any CPU
		{519B2B78-57BF-4D1F-8953-1EA5F6CB9046}.Debug|Any CPU.Build.0 = Debug|Any CPU
		{519B2B78-57BF-4D1F-8953-1EA5F6CB9046}.Release|Any CPU.ActiveCfg = Release|Any CPU
		{519B2B78-57BF-4D1F-8953-1EA5F6CB9046}.Release|Any CPU.Build.0 = Release|Any CPU
		{7B85830A-AF5E-447F-A4FF-B966D0BF423A}.Debug|Any CPU.ActiveCfg = Debug|Any CPU
		{7B85830A-AF5E-447F-A4FF-B966D0BF423A}.Debug|Any CPU.Build.0 = Debug|Any CPU
		{7B85830A-AF5E-447F-A4FF-B966D0BF423A}.Release|Any CPU.ActiveCfg = Release|Any CPU
		{7B85830A-AF5E-447F-A4FF-B966D0BF423A}.Release|Any CPU.Build.0 = Release|Any CPU
		{9F240A89-01D5-414F-89B1-A6F85EEDD971}.Debug|Any CPU.ActiveCfg = Debug|Any CPU
		{9F240A89-01D5-414F-89B1-A6F85EEDD971}.Debug|Any CPU.Build.0 = Debug|Any CPU
		{9F240A89-01D5-414F-89B1-A6F85EEDD971}.Release|Any CPU.ActiveCfg = Release|Any CPU
		{9F240A89-01D5-414F-89B1-A6F85EEDD971}.Release|Any CPU.Build.0 = Release|Any CPU
		{53F1A2F3-8A5D-4022-B1F8-D750A39D9DC0}.Debug|Any CPU.ActiveCfg = Debug|Any CPU
		{53F1A2F3-8A5D-4022-B1F8-D750A39D9DC0}.Debug|Any CPU.Build.0 = Debug|Any CPU
		{53F1A2F3-8A5D-4022-B1F8-D750A39D9DC0}.Release|Any CPU.ActiveCfg = Release|Any CPU
		{53F1A2F3-8A5D-4022-B1F8-D750A39D9DC0}.Release|Any CPU.Build.0 = Release|Any CPU
		{2E7B6CEC-6679-4881-847E-939E33A9BE29}.Debug|Any CPU.ActiveCfg = Debug|Any CPU
		{2E7B6CEC-6679-4881-847E-939E33A9BE29}.Debug|Any CPU.Build.0 = Debug|Any CPU
		{2E7B6CEC-6679-4881-847E-939E33A9BE29}.Release|Any CPU.ActiveCfg = Release|Any CPU
		{2E7B6CEC-6679-4881-847E-939E33A9BE29}.Release|Any CPU.Build.0 = Release|Any CPU
	EndGlobalSection
	GlobalSection(SolutionProperties) = preSolution
		HideSolutionNode = FALSE
	EndGlobalSection
	GlobalSection(ExtensibilityGlobals) = postSolution
		SolutionGuid = {5F732367-3D4F-42D8-9995-1FA54D550549}
	EndGlobalSection
EndGlobal
