
Microsoft Visual Studio Solution File, Format Version 12.00
# Visual Studio 15
VisualStudioVersion = 15.0.27428.2043
MinimumVisualStudioVersion = 10.0.40219.1
Project("{9A19103F-16F7-4668-BE54-9A1E7A4F7556}") = "DraftBook.NetCore", "DraftBook.NetCore.csproj", "{BC314C25-D63C-496F-BF2A-7E96ACBB9045}"
EndProject
Project("{FAE04EC0-301F-11D3-BF4B-00C04F79EFBC}") = "DraftBook.NetCore.Socket", "..\DraftBook.NetCore.Socket\DraftBook.NetCore.Socket.csproj", "{EB03DBD8-824E-4AF6-9436-8D2E5D309426}"
EndProject
Project("{FAE04EC0-301F-11D3-BF4B-00C04F79EFBC}") = "DraftBook.NetCore.SocketServerConsole", "..\DraftBook.NetCore.SocketServerConsole\DraftBook.NetCore.SocketServerConsole.csproj", "{A3E32BA9-9BBF-4436-B9B3-5835C511BA32}"
EndProject
Project("{FAE04EC0-301F-11D3-BF4B-00C04F79EFBC}") = "DraftBook.NetCore.SocketClientConsole", "..\DraftBook.NetCore.SocketClientConsole\DraftBook.NetCore.SocketClientConsole.csproj", "{91A701D0-5265-4EBA-9DBF-1429DF1EBEEC}"
EndProject
Global
	GlobalSection(SolutionConfigurationPlatforms) = preSolution
		Debug|Any CPU = Debug|Any CPU
		Release|Any CPU = Release|Any CPU
	EndGlobalSection
	GlobalSection(ProjectConfigurationPlatforms) = postSolution
		{BC314C25-D63C-496F-BF2A-7E96ACBB9045}.Debug|Any CPU.ActiveCfg = Debug|Any CPU
		{BC314C25-D63C-496F-BF2A-7E96ACBB9045}.Debug|Any CPU.Build.0 = Debug|Any CPU
		{BC314C25-D63C-496F-BF2A-7E96ACBB9045}.Release|Any CPU.ActiveCfg = Release|Any CPU
		{BC314C25-D63C-496F-BF2A-7E96ACBB9045}.Release|Any CPU.Build.0 = Release|Any CPU
		{EB03DBD8-824E-4AF6-9436-8D2E5D309426}.Debug|Any CPU.ActiveCfg = Debug|Any CPU
		{EB03DBD8-824E-4AF6-9436-8D2E5D309426}.Debug|Any CPU.Build.0 = Debug|Any CPU
		{EB03DBD8-824E-4AF6-9436-8D2E5D309426}.Release|Any CPU.ActiveCfg = Release|Any CPU
		{EB03DBD8-824E-4AF6-9436-8D2E5D309426}.Release|Any CPU.Build.0 = Release|Any CPU
		{A3E32BA9-9BBF-4436-B9B3-5835C511BA32}.Debug|Any CPU.ActiveCfg = Debug|Any CPU
		{A3E32BA9-9BBF-4436-B9B3-5835C511BA32}.Debug|Any CPU.Build.0 = Debug|Any CPU
		{A3E32BA9-9BBF-4436-B9B3-5835C511BA32}.Release|Any CPU.ActiveCfg = Release|Any CPU
		{A3E32BA9-9BBF-4436-B9B3-5835C511BA32}.Release|Any CPU.Build.0 = Release|Any CPU
		{91A701D0-5265-4EBA-9DBF-1429DF1EBEEC}.Debug|Any CPU.ActiveCfg = Debug|Any CPU
		{91A701D0-5265-4EBA-9DBF-1429DF1EBEEC}.Debug|Any CPU.Build.0 = Debug|Any CPU
		{91A701D0-5265-4EBA-9DBF-1429DF1EBEEC}.Release|Any CPU.ActiveCfg = Release|Any CPU
		{91A701D0-5265-4EBA-9DBF-1429DF1EBEEC}.Release|Any CPU.Build.0 = Release|Any CPU
	EndGlobalSection
	GlobalSection(SolutionProperties) = preSolution
		HideSolutionNode = FALSE
	EndGlobalSection
	GlobalSection(ExtensibilityGlobals) = postSolution
		SolutionGuid = {9215F8B2-004B-4E69-888B-06670523A60C}
	EndGlobalSection
EndGlobal
